
Microsoft Visual Studio Solution File, Format Version 12.00
# Visual Studio Version 17
VisualStudioVersion = 17.1.32407.343
MinimumVisualStudioVersion = 10.0.40219.1
Project("{9A19103F-16F7-4668-BE54-9A1E7A4F7556}") = "CSharpBenchmarks", "CSharpBenchmarks\CSharpBenchmarks.csproj", "{311549E2-28BC-4191-87E3-38B59D857570}"
EndProject
Project("{9A19103F-16F7-4668-BE54-9A1E7A4F7556}") = "CharpLearning", "CharpLearning\CharpLearning.csproj", "{323E402F-8D68-4206-90F8-51B44B81FE94}"
EndProject
Project("{9A19103F-16F7-4668-BE54-9A1E7A4F7556}") = "net7perf", "net7perf\net7perf.csproj", "{936A6C09-FFE3-4CEF-BC66-7EA81592E84F}"
EndProject
Project("{9A19103F-16F7-4668-BE54-9A1E7A4F7556}") = "DotNet8App", "..\..\..\privateCode\csharp\DotNet8App\DotNet8App.csproj", "{3A0B2719-D6E5-4147-9FFB-6E0F9105EEDD}"
EndProject
Global
	GlobalSection(SolutionConfigurationPlatforms) = preSolution
		Debug|Any CPU = Debug|Any CPU
		Release|Any CPU = Release|Any CPU
	EndGlobalSection
	GlobalSection(ProjectConfigurationPlatforms) = postSolution
		{311549E2-28BC-4191-87E3-38B59D857570}.Debug|Any CPU.ActiveCfg = Debug|Any CPU
		{311549E2-28BC-4191-87E3-38B59D857570}.Debug|Any CPU.Build.0 = Debug|Any CPU
		{311549E2-28BC-4191-87E3-38B59D857570}.Release|Any CPU.ActiveCfg = Release|Any CPU
		{311549E2-28BC-4191-87E3-38B59D857570}.Release|Any CPU.Build.0 = Release|Any CPU
		{323E402F-8D68-4206-90F8-51B44B81FE94}.Debug|Any CPU.ActiveCfg = Debug|Any CPU
		{323E402F-8D68-4206-90F8-51B44B81FE94}.Debug|Any CPU.Build.0 = Debug|Any CPU
		{323E402F-8D68-4206-90F8-51B44B81FE94}.Release|Any CPU.ActiveCfg = Release|Any CPU
		{323E402F-8D68-4206-90F8-51B44B81FE94}.Release|Any CPU.Build.0 = Release|Any CPU
		{936A6C09-FFE3-4CEF-BC66-7EA81592E84F}.Debug|Any CPU.ActiveCfg = Debug|Any CPU
		{936A6C09-FFE3-4CEF-BC66-7EA81592E84F}.Debug|Any CPU.Build.0 = Debug|Any CPU
		{936A6C09-FFE3-4CEF-BC66-7EA81592E84F}.Release|Any CPU.ActiveCfg = Release|Any CPU
		{936A6C09-FFE3-4CEF-BC66-7EA81592E84F}.Release|Any CPU.Build.0 = Release|Any CPU
		{3A0B2719-D6E5-4147-9FFB-6E0F9105EEDD}.Debug|Any CPU.ActiveCfg = Debug|Any CPU
		{3A0B2719-D6E5-4147-9FFB-6E0F9105EEDD}.Debug|Any CPU.Build.0 = Debug|Any CPU
		{3A0B2719-D6E5-4147-9FFB-6E0F9105EEDD}.Release|Any CPU.ActiveCfg = Release|Any CPU
		{3A0B2719-D6E5-4147-9FFB-6E0F9105EEDD}.Release|Any CPU.Build.0 = Release|Any CPU
	EndGlobalSection
	GlobalSection(SolutionProperties) = preSolution
		HideSolutionNode = FALSE
	EndGlobalSection
	GlobalSection(ExtensibilityGlobals) = postSolution
		SolutionGuid = {AF3F30D3-B010-415D-B62E-05EC8B9A1B40}
	EndGlobalSection
EndGlobal
